
Microsoft Visual Studio Solution File, Format Version 12.00
Project("{FAE04EC0-301F-11D3-BF4B-00C04F79EFBC}") = "API-CRUD", "API-CRUD\API-CRUD.csproj", "{DF9A0C10-F238-4082-B697-5170556F9585}"
EndProject
Global
	GlobalSection(SolutionConfigurationPlatforms) = preSolution
		Debug|Any CPU = Debug|Any CPU
		Release|Any CPU = Release|Any CPU
	EndGlobalSection
	GlobalSection(ProjectConfigurationPlatforms) = postSolution
		{DF9A0C10-F238-4082-B697-5170556F9585}.Debug|Any CPU.ActiveCfg = Debug|Any CPU
		{DF9A0C10-F238-4082-B697-5170556F9585}.Debug|Any CPU.Build.0 = Debug|Any CPU
		{DF9A0C10-F238-4082-B697-5170556F9585}.Release|Any CPU.ActiveCfg = Release|Any CPU
		{DF9A0C10-F238-4082-B697-5170556F9585}.Release|Any CPU.Build.0 = Release|Any CPU
	EndGlobalSection
EndGlobal
